{
	"_OFProjectGeneratorVersion": "0.103.0",
	"archiveVersion": "1",
	"classes": {},
	"objectVersion": "54",
	"objects": {
		"038BA334-8174-48FE-BEAF-548691521115": {
			"fileEncoding": "4",
			"isa": "PBXFileReference",
			"lastKnownFileType": "sourcecode.cpp.cpp",
			"name": "ofxUDPManager.cpp",
			"sourceTree": "<group>"
		},
		"047C3C08-DEEB-4F9E-83FC-720DB2B8C1D4": {
			"fileEncoding": "4",
			"isa": "PBXFileReference",
			"lastKnownFileType": "sourcecode.cpp.h",
			"name": "ofxUDPManager.h",
			"sourceTree": "<group>"
		},
		"126F53FD-EFEB-40A8-98C6-C28CA6DBAAC6": {
			"fileEncoding": "4",
			"isa": "PBXFileReference",
			"lastKnownFileType": "sourcecode.cpp.h",
			"name": "ofxTCPManager.h",
			"sourceTree": "<group>"
		},
		"191CD6FA2847E21E0085CBB6": {
			"fileEncoding": "4",
			"isa": "PBXFileReference",
			"lastKnownFileType": "text.plist.entitlements",
			"path": "of.entitlements",
			"sourceTree": "<group>"
		},
		"191EF70929D778A400F35F26": {
			"isa": "PBXFileReference",
			"lastKnownFileType": "folder",
			"name": "openFrameworks",
			"path": "/Users/riccardofrezza/Downloads/of_v0.12.1_osx_release/libs/openFrameworks",
			"sourceTree": "<absolute>"
		},
		"19B789C429E5AB4A0082E9B8": {
			"alwaysOutOfDate": "1",
			"buildActionMask": "2147483647",
			"files": [],
			"inputFileListPaths": [],
			"inputPaths": [],
			"isa": "PBXShellScriptBuildPhase",
			"outputFileListPaths": [],
			"outputPaths": [],
			"runOnlyForDeploymentPostprocessing": "0",
			"shellPath": "/bin/sh",
			"shellScript": "\"$OF_PATH/scripts/osx/xcode_project.sh\"\n",
			"showEnvVarsInLog": "0"
		},
		"4BF5286C-EA9C-4D54-828E-A43395C3FD99": {
			"fileRef": "8878B451-7959-420B-AFC0-058DCC4D4677",
			"isa": "PBXBuildFile"
		},
		"500AE6F8-BA80-4D3B-9EF7-C76EC5946A5B": {
			"fileEncoding": "4",
			"isa": "PBXFileReference",
			"lastKnownFileType": "sourcecode.cpp.cpp",
			"name": "ofxNetworkUtils.cpp",
			"sourceTree": "<group>"
		},
		"55E793BF-BF1B-44D1-B10A-5F88F7AB57E7": {
			"fileRef": "758C035A-2BB6-42BA-9E69-C8461D47C742",
			"isa": "PBXBuildFile"
		},
		"5838CFDF-A635-40B6-8901-9AB666AB89E8": {
			"fileEncoding": "4",
			"isa": "PBXFileReference",
			"lastKnownFileType": "sourcecode.cpp.h",
			"name": "ofxNetworkUtils.h",
			"sourceTree": "<group>"
		},
		"5A691900-7D4A-4B32-9EFF-5D4DAC0A1CC2": {
			"fileEncoding": "4",
			"isa": "PBXFileReference",
			"lastKnownFileType": "sourcecode.cpp.h",
			"name": "ofxUDPSettings.h",
			"sourceTree": "<group>"
		},
		"5DE8CD35-FA47-460E-998F-0A2BF4D1CB17": {
			"children": [
				"DFF73BA6-705A-4824-971D-D70F4007A1C1"
			],
			"isa": "PBXGroup",
			"name": "ofxNetwork",
			"path": "ofxNetwork",
			"sourceTree": "<group>"
		},
		"5EE1BE39-AB8E-4960-92EB-5F20BBB161F5": {
			"fileEncoding": "4",
			"isa": "PBXFileReference",
			"lastKnownFileType": "sourcecode.cpp.h",
			"name": "ofxTCPSettings.h",
			"sourceTree": "<group>"
		},
		"758C035A-2BB6-42BA-9E69-C8461D47C742": {
			"fileEncoding": "4",
			"isa": "PBXFileReference",
			"lastKnownFileType": "sourcecode.cpp.cpp",
			"name": "ofxTCPManager.cpp",
			"sourceTree": "<group>"
		},
		"7CF73BAF-A161-47B1-9736-E59D31714002": {
			"fileRef": "500AE6F8-BA80-4D3B-9EF7-C76EC5946A5B",
			"isa": "PBXBuildFile"
		},
		"8878B451-7959-420B-AFC0-058DCC4D4677": {
			"fileEncoding": "4",
			"isa": "PBXFileReference",
			"lastKnownFileType": "sourcecode.cpp.cpp",
			"name": "ofxTCPClient.cpp",
			"sourceTree": "<group>"
		},
		"8BD16B58-52BB-4A4E-99E2-F1805CCE9186": {
			"fileRef": "038BA334-8174-48FE-BEAF-548691521115",
			"isa": "PBXBuildFile"
		},
		"99192789-2CC4-46D2-B699-B6B5C02F1C23": {
			"fileEncoding": "4",
			"isa": "PBXFileReference",
			"lastKnownFileType": "sourcecode.cpp.h",
			"name": "ofxNetwork.h",
			"sourceTree": "<group>"
		},
		"BB4B014C10F69532006C3DED": {
			"children": [
				"5DE8CD35-FA47-460E-998F-0A2BF4D1CB17"
			],
			"isa": "PBXGroup",
			"name": "addons",
			"path": "../../OFF-ROOT/of_v0.12.1_osx_release/addons",
			"sourceTree": "<absolute>"
		},
		"C835840C-DB4E-41AD-AB63-DAD5A7E2F439": {
			"fileEncoding": "4",
			"isa": "PBXFileReference",
			"lastKnownFileType": "folder",
			"name": "data",
			"path": "bin/data",
			"sourceTree": "SOURCE_ROOT"
		},
		"DFF73BA6-705A-4824-971D-D70F4007A1C1": {
			"children": [
				"99192789-2CC4-46D2-B699-B6B5C02F1C23",
				"500AE6F8-BA80-4D3B-9EF7-C76EC5946A5B",
				"5838CFDF-A635-40B6-8901-9AB666AB89E8",
				"8878B451-7959-420B-AFC0-058DCC4D4677",
				"E7CAEFD0-2C33-472C-9A1A-92A8B55DBD3C",
				"758C035A-2BB6-42BA-9E69-C8461D47C742",
				"126F53FD-EFEB-40A8-98C6-C28CA6DBAAC6",
				"F785CA64-CEBD-457D-8B31-1D9DF7094424",
				"FFC3021D-678A-405E-8DB8-48534D6EB95C",
				"5EE1BE39-AB8E-4960-92EB-5F20BBB161F5",
				"038BA334-8174-48FE-BEAF-548691521115",
				"047C3C08-DEEB-4F9E-83FC-720DB2B8C1D4",
				"5A691900-7D4A-4B32-9EFF-5D4DAC0A1CC2"
			],
			"isa": "PBXGroup",
			"name": "src",
			"path": "src",
			"sourceTree": "<group>"
		},
		"E1661FE8-7319-4D36-ADD4-334027E7B3D1": {
			"fileRef": "F785CA64-CEBD-457D-8B31-1D9DF7094424",
			"isa": "PBXBuildFile"
		},
		"E42962A92163ECCD00A6A9E2": {
			"alwaysOutOfDate": "1",
			"buildActionMask": "2147483647",
			"files": [],
			"inputPaths": [],
			"isa": "PBXShellScriptBuildPhase",
			"name": "Run Script — Compile OF",
			"outputPaths": [],
			"runOnlyForDeploymentPostprocessing": "0",
			"shellPath": "/bin/sh",
			"shellScript": "$OF_CORE_BUILD_COMMAND\n",
			"showEnvVarsInLog": "0"
		},
		"E4A5B60F29BAAAE400C2D356": {
			"buildActionMask": "2147483647",
			"dstPath": "",
			"dstSubfolderSpec": "6",
			"files": [],
			"isa": "PBXCopyFilesBuildPhase",
			"runOnlyForDeploymentPostprocessing": "0"
		},
		"E4B69B4A0A3A1720003C02F2": {
			"children": [
				"191CD6FA2847E21E0085CBB6",
				"E4B6FCAD0C3E899E008CF71C",
				"E4EB6923138AFD0F00A09F29",
				"E4B69E1C0A3A1BDC003C02F2",
				"191EF70929D778A400F35F26",
				"BB4B014C10F69532006C3DED",
				"E4B69B5B0A3A1756003C02F2",
				"C835840C-DB4E-41AD-AB63-DAD5A7E2F439"
			],
			"isa": "PBXGroup",
			"sourceTree": "<group>"
		},
		"E4B69B4C0A3A1720003C02F2": {
			"attributes": {
				"BuildIndependentTargetsInParallel": "YES",
				"LastUpgradeCheck": "1540"
			},
			"buildConfigurationList": "E4B69B4D0A3A1720003C02F2",
			"compatibilityVersion": "Xcode 3.2",
			"developmentRegion": "en",
			"hasScannedForEncodings": "0",
			"isa": "PBXProject",
			"knownRegions": [
				"en",
				"Base"
			],
			"mainGroup": "E4B69B4A0A3A1720003C02F2",
			"productRefGroup": "E4B69B4A0A3A1720003C02F2",
			"projectDirPath": "",
			"projectRoot": "",
			"targets": [
				"E4B69B5A0A3A1756003C02F2"
			]
		},
		"E4B69B4D0A3A1720003C02F2": {
			"buildConfigurations": [
				"E4B69B4E0A3A1720003C02F2",
				"E4B69B4F0A3A1720003C02F2"
			],
			"defaultConfigurationIsVisible": "0",
			"defaultConfigurationName": "Release",
			"isa": "XCConfigurationList"
		},
		"E4B69B4E0A3A1720003C02F2": {
			"baseConfigurationReference": "E4EB6923138AFD0F00A09F29",
			"buildSettings": {
				"CODE_SIGN_ENTITLEMENTS": "of.entitlements",
				"COPY_PHASE_STRIP": "NO",
				"ENABLE_TESTABILITY": "YES",
				"GCC_OPTIMIZATION_LEVEL": "0",
				"GCC_WARN_UNUSED_VARIABLE": "NO",
				"HEADER_SEARCH_PATHS": [
					"$(OF_CORE_HEADERS)",
					"src"
				],
				"OTHER_CPLUSPLUSFLAGS": "-D__MACOSX_CORE__"
			},
			"isa": "XCBuildConfiguration",
			"name": "Debug"
		},
		"E4B69B4F0A3A1720003C02F2": {
			"baseConfigurationReference": "E4EB6923138AFD0F00A09F29",
			"buildSettings": {
				"CODE_SIGN_ENTITLEMENTS": "of.entitlements",
				"COPY_PHASE_STRIP": "YES",
				"GCC_OPTIMIZATION_LEVEL": "3",
				"GCC_UNROLL_LOOPS": "YES",
				"HEADER_SEARCH_PATHS": [
					"$(OF_CORE_HEADERS)",
					"src"
				],
				"OTHER_CPLUSPLUSFLAGS": "-D__MACOSX_CORE__"
			},
			"isa": "XCBuildConfiguration",
			"name": "Release"
		},
		"E4B69B580A3A1756003C02F2": {
			"buildActionMask": "2147483647",
			"files": [
				"E4B69E200A3A1BDC003C02F2",
				"E4B69E210A3A1BDC003C02F2",
				"7CF73BAF-A161-47B1-9736-E59D31714002",
				"4BF5286C-EA9C-4D54-828E-A43395C3FD99",
				"55E793BF-BF1B-44D1-B10A-5F88F7AB57E7",
				"E1661FE8-7319-4D36-ADD4-334027E7B3D1",
				"8BD16B58-52BB-4A4E-99E2-F1805CCE9186"
			],
			"isa": "PBXSourcesBuildPhase",
			"runOnlyForDeploymentPostprocessing": "0"
		},
		"E4B69B590A3A1756003C02F2": {
			"buildActionMask": "2147483647",
			"files": [],
			"isa": "PBXFrameworksBuildPhase",
			"runOnlyForDeploymentPostprocessing": "0"
		},
		"E4B69B5A0A3A1756003C02F2": {
			"buildConfigurationList": "E4B69B5F0A3A1757003C02F2",
			"buildPhases": [
				"E42962A92163ECCD00A6A9E2",
				"E4B69B580A3A1756003C02F2",
				"E4B69B590A3A1756003C02F2",
				"E4C2427710CC5ABF004149E2",
				"E4A5B60F29BAAAE400C2D356",
				"19B789C429E5AB4A0082E9B8"
			],
			"buildRules": [],
			"dependencies": [],
			"isa": "PBXNativeTarget",
			"name": "OFF-player",
			"productName": "myOFApp",
			"productReference": "E4B69B5B0A3A1756003C02F2",
			"productType": "com.apple.product-type.application"
		},
		"E4B69B5B0A3A1756003C02F2": {
			"explicitFileType": "wrapper.application",
			"includeInIndex": "0",
			"isa": "PBXFileReference",
			"path": "OFF-playerDebug.app",
			"sourceTree": "BUILT_PRODUCTS_DIR"
		},
		"E4B69B5F0A3A1757003C02F2": {
			"buildConfigurations": [
				"E4B69B600A3A1757003C02F2",
				"E4B69B610A3A1757003C02F2"
			],
			"defaultConfigurationIsVisible": "0",
			"defaultConfigurationName": "Release",
			"isa": "XCConfigurationList"
		},
		"E4B69B600A3A1757003C02F2": {
			"baseConfigurationReference": "E4EB6923138AFD0F00A09F29",
			"buildSettings": {
				"ARCHS": "$(ARCHS_STANDARD)",
				"COPY_PHASE_STRIP": "NO",
				"FRAMEWORK_SEARCH_PATHS": "$(inherited)",
				"GCC_DYNAMIC_NO_PIC": "NO",
				"HEADER_SEARCH_PATHS": [
					"$(OF_CORE_HEADERS)",
					"src",
					"../../OFF-ROOT/of_v0.12.1_osx_release/addons/ofxNetwork/src"
				],/Users/riccardofrezza/Desktop/repos/Maroccos/
				"LIBRARY_SEARCH_PATHS": "$(inherited)",
				"OTHER_LDFLAGS": [
					"$(OF_CORE_LIBS)",
					"$(OF_CORE_FRAMEWORKS)",
					"$(LIB_OF_DEBUG)"
				]
			},
			"isa": "XCBuildConfiguration",
			"name": "Debug"
		},
		"E4B69B610A3A1757003C02F2": {
			"baseConfigurationReference": "E4EB6923138AFD0F00A09F29",
			"buildSettings": {
				"ARCHS": "$(ARCHS_STANDARD)",
				"COPY_PHASE_STRIP": "YES",
				"FRAMEWORK_SEARCH_PATHS": "$(inherited)",
				"HEADER_SEARCH_PATHS": [
					"$(OF_CORE_HEADERS)",
					"src",
					"../../OFF-ROOT/of_v0.12.1_osx_release/addons/ofxNetwork/src"
				],
				"LIBRARY_SEARCH_PATHS": "$(inherited)",
				"OTHER_LDFLAGS": [
					"$(OF_CORE_LIBS)",
					"$(OF_CORE_FRAMEWORKS)",
					"$(LIB_OF_RELEASE)"
				],
				"baseConfigurationReference": "E4EB6923138AFD0F00A09F29"
			},
			"isa": "XCBuildConfiguration",
			"name": "Release"
		},
		"E4B69E1C0A3A1BDC003C02F2": {
			"children": [
				"E4B69E1D0A3A1BDC003C02F2",
				"E4B69E1E0A3A1BDC003C02F2",
				"E4B69E1F0A3A1BDC003C02F2"
			],
			"isa": "PBXGroup",
			"path": "src",
			"sourceTree": "SOURCE_ROOT"
		},
		"E4B69E1D0A3A1BDC003C02F2": {
			"fileEncoding": "4",
			"isa": "PBXFileReference",
			"lastKnownFileType": "sourcecode.cpp.cpp",
			"name": "main.cpp",
			"path": "src/main.cpp",
			"sourceTree": "SOURCE_ROOT"
		},
		"E4B69E1E0A3A1BDC003C02F2": {
			"explicitFileType": "sourcecode.cpp.cpp",
			"fileEncoding": "4",
			"isa": "PBXFileReference",
			"name": "ofApp.cpp",
			"path": "src/ofApp.cpp",
			"sourceTree": "SOURCE_ROOT"
		},
		"E4B69E1F0A3A1BDC003C02F2": {
			"fileEncoding": "4",
			"isa": "PBXFileReference",
			"lastKnownFileType": "sourcecode.c.h",
			"name": "ofApp.h",
			"path": "src/ofApp.h",
			"sourceTree": "SOURCE_ROOT"
		},
		"E4B69E200A3A1BDC003C02F2": {
			"fileRef": "E4B69E1D0A3A1BDC003C02F2",
			"isa": "PBXBuildFile"
		},
		"E4B69E210A3A1BDC003C02F2": {
			"fileRef": "E4B69E1E0A3A1BDC003C02F2",
			"isa": "PBXBuildFile"
		},
		"E4B6FCAD0C3E899E008CF71C": {
			"fileEncoding": "4",
			"isa": "PBXFileReference",
			"lastKnownFileType": "text.plist.xml",
			"path": "openFrameworks-Info.plist",
			"sourceTree": "<group>"
		},
		"E4C2427710CC5ABF004149E2": {
			"buildActionMask": "2147483647",
			"dstPath": "",
			"dstSubfolderSpec": "10",
			"files": [],
			"isa": "PBXCopyFilesBuildPhase",
			"runOnlyForDeploymentPostprocessing": "0"
		},
		"E4EB6923138AFD0F00A09F29": {
			"fileEncoding": "4",
			"isa": "PBXFileReference",
			"lastKnownFileType": "text.xcconfig",
			"path": "Project.xcconfig",
			"sourceTree": "<group>"
		},
		"E7CAEFD0-2C33-472C-9A1A-92A8B55DBD3C": {
			"fileEncoding": "4",
			"isa": "PBXFileReference",
			"lastKnownFileType": "sourcecode.cpp.h",
			"name": "ofxTCPClient.h",
			"sourceTree": "<group>"
		},
		"F785CA64-CEBD-457D-8B31-1D9DF7094424": {
			"fileEncoding": "4",
			"isa": "PBXFileReference",
			"lastKnownFileType": "sourcecode.cpp.cpp",
			"name": "ofxTCPServer.cpp",
			"sourceTree": "<group>"
		},
		"FFC3021D-678A-405E-8DB8-48534D6EB95C": {
			"fileEncoding": "4",
			"isa": "PBXFileReference",
			"lastKnownFileType": "sourcecode.cpp.h",
			"name": "ofxTCPServer.h",
			"sourceTree": "<group>"
		}
	},
	"rootObject": "E4B69B4C0A3A1720003C02F2"
}